
Microsoft Visual Studio Solution File, Format Version 12.00
# Visual Studio Version 17
VisualStudioVersion = 17.5.33516.290
MinimumVisualStudioVersion = 10.0.40219.1
Project("{9A19103F-16F7-4668-BE54-9A1E7A4F7556}") = "ProductMaintenanceGUI", "ProductMaintenanceGUI\ProductMaintenanceGUI.csproj", "{B55F79BE-69F8-478C-908B-72CBEAD9BB2F}"
EndProject
Project("{FAE04EC0-301F-11D3-BF4B-00C04F79EFBC}") = "TechSupportData", "TechSupportData\TechSupportData.csproj", "{ECA12F48-04BC-4F5D-B73F-57757A3837F2}"
EndProject
Global
	GlobalSection(SolutionConfigurationPlatforms) = preSolution
		Debug|Any CPU = Debug|Any CPU
		Release|Any CPU = Release|Any CPU
	EndGlobalSection
	GlobalSection(ProjectConfigurationPlatforms) = postSolution
		{B55F79BE-69F8-478C-908B-72CBEAD9BB2F}.Debug|Any CPU.ActiveCfg = Debug|Any CPU
		{B55F79BE-69F8-478C-908B-72CBEAD9BB2F}.Debug|Any CPU.Build.0 = Debug|Any CPU
		{B55F79BE-69F8-478C-908B-72CBEAD9BB2F}.Release|Any CPU.ActiveCfg = Release|Any CPU
		{B55F79BE-69F8-478C-908B-72CBEAD9BB2F}.Release|Any CPU.Build.0 = Release|Any CPU
		{ECA12F48-04BC-4F5D-B73F-57757A3837F2}.Debug|Any CPU.ActiveCfg = Debug|Any CPU
		{ECA12F48-04BC-4F5D-B73F-57757A3837F2}.Debug|Any CPU.Build.0 = Debug|Any CPU
		{ECA12F48-04BC-4F5D-B73F-57757A3837F2}.Release|Any CPU.ActiveCfg = Release|Any CPU
		{ECA12F48-04BC-4F5D-B73F-57757A3837F2}.Release|Any CPU.Build.0 = Release|Any CPU
	EndGlobalSection
	GlobalSection(SolutionProperties) = preSolution
		HideSolutionNode = FALSE
	EndGlobalSection
	GlobalSection(ExtensibilityGlobals) = postSolution
		SolutionGuid = {41181293-ED7E-46B0-BC3B-26215FC0D662}
	EndGlobalSection
EndGlobal
